
Microsoft Visual Studio Solution File, Format Version 12.00
# Visual Studio Version 17
VisualStudioVersion = 17.2.32210.308
MinimumVisualStudioVersion = 10.0.40219.1
Project("{9A19103F-16F7-4668-BE54-9A1E7A4F7556}") = "App.API", "App.API\API\App.API.csproj", "{F7A10221-338B-49DD-8ECE-248515C50137}"
EndProject
Project("{9A19103F-16F7-4668-BE54-9A1E7A4F7556}") = "App.API.Services", "App.API\API.Services\App.API.Services.csproj", "{67A965C6-D989-494F-B85F-6D6FADA99799}"
EndProject
Project("{9A19103F-16F7-4668-BE54-9A1E7A4F7556}") = "App.API.Infrastructure", "App.API\API.Infrastructure\App.API.Infrastructure.csproj", "{DBCDE5BF-9A90-43CA-A1C5-711C3C2ABD7E}"
EndProject
Project("{9A19103F-16F7-4668-BE54-9A1E7A4F7556}") = "App.API.DataAccess", "App.API\API.DataAccess\App.API.DataAccess.csproj", "{89DBEBD6-8359-4B53-9412-58C39BE73B00}"
EndProject
Project("{9A19103F-16F7-4668-BE54-9A1E7A4F7556}") = "App.API.Tests", "App.API\Tests\API.Tests\App.API.Tests.csproj", "{BB909881-19B7-47B6-9558-5656E37C146C}"
EndProject
Project("{2150E333-8FDC-42A3-9474-1A3956D46DE8}") = "tests", "tests", "{D079B545-D4D1-4606-B315-891C4FBB49A6}"
EndProject
Project("{2150E333-8FDC-42A3-9474-1A3956D46DE8}") = "src", "src", "{1650BDF3-4946-4188-B319-3A3BE46AE860}"
EndProject
Project("{2150E333-8FDC-42A3-9474-1A3956D46DE8}") = "docs", "docs", "{98296C69-87B5-476B-8FA2-0FFC960F1649}"
EndProject
Project("{54A90642-561A-4BB1-A94E-469ADEE60C69}") = "App.UI", "App.UI\App.UI.esproj", "{F4CF6AA0-6F8F-4623-BCE8-4E63EB0EEFFE}"
EndProject
Global
	GlobalSection(SolutionConfigurationPlatforms) = preSolution
		Debug|Any CPU = Debug|Any CPU
		Release|Any CPU = Release|Any CPU
	EndGlobalSection
	GlobalSection(ProjectConfigurationPlatforms) = postSolution
		{F7A10221-338B-49DD-8ECE-248515C50137}.Debug|Any CPU.ActiveCfg = Debug|Any CPU
		{F7A10221-338B-49DD-8ECE-248515C50137}.Debug|Any CPU.Build.0 = Debug|Any CPU
		{F7A10221-338B-49DD-8ECE-248515C50137}.Release|Any CPU.ActiveCfg = Release|Any CPU
		{F7A10221-338B-49DD-8ECE-248515C50137}.Release|Any CPU.Build.0 = Release|Any CPU
		{67A965C6-D989-494F-B85F-6D6FADA99799}.Debug|Any CPU.ActiveCfg = Debug|Any CPU
		{67A965C6-D989-494F-B85F-6D6FADA99799}.Debug|Any CPU.Build.0 = Debug|Any CPU
		{67A965C6-D989-494F-B85F-6D6FADA99799}.Release|Any CPU.ActiveCfg = Release|Any CPU
		{67A965C6-D989-494F-B85F-6D6FADA99799}.Release|Any CPU.Build.0 = Release|Any CPU
		{DBCDE5BF-9A90-43CA-A1C5-711C3C2ABD7E}.Debug|Any CPU.ActiveCfg = Debug|Any CPU
		{DBCDE5BF-9A90-43CA-A1C5-711C3C2ABD7E}.Debug|Any CPU.Build.0 = Debug|Any CPU
		{DBCDE5BF-9A90-43CA-A1C5-711C3C2ABD7E}.Release|Any CPU.ActiveCfg = Release|Any CPU
		{DBCDE5BF-9A90-43CA-A1C5-711C3C2ABD7E}.Release|Any CPU.Build.0 = Release|Any CPU
		{89DBEBD6-8359-4B53-9412-58C39BE73B00}.Debug|Any CPU.ActiveCfg = Debug|Any CPU
		{89DBEBD6-8359-4B53-9412-58C39BE73B00}.Debug|Any CPU.Build.0 = Debug|Any CPU
		{89DBEBD6-8359-4B53-9412-58C39BE73B00}.Release|Any CPU.ActiveCfg = Release|Any CPU
		{89DBEBD6-8359-4B53-9412-58C39BE73B00}.Release|Any CPU.Build.0 = Release|Any CPU
		{BB909881-19B7-47B6-9558-5656E37C146C}.Debug|Any CPU.ActiveCfg = Debug|Any CPU
		{BB909881-19B7-47B6-9558-5656E37C146C}.Debug|Any CPU.Build.0 = Debug|Any CPU
		{BB909881-19B7-47B6-9558-5656E37C146C}.Release|Any CPU.ActiveCfg = Release|Any CPU
		{BB909881-19B7-47B6-9558-5656E37C146C}.Release|Any CPU.Build.0 = Release|Any CPU
		{F4CF6AA0-6F8F-4623-BCE8-4E63EB0EEFFE}.Debug|Any CPU.ActiveCfg = Debug|Any CPU
		{F4CF6AA0-6F8F-4623-BCE8-4E63EB0EEFFE}.Debug|Any CPU.Build.0 = Debug|Any CPU
		{F4CF6AA0-6F8F-4623-BCE8-4E63EB0EEFFE}.Debug|Any CPU.Deploy.0 = Debug|Any CPU
		{F4CF6AA0-6F8F-4623-BCE8-4E63EB0EEFFE}.Release|Any CPU.ActiveCfg = Release|Any CPU
		{F4CF6AA0-6F8F-4623-BCE8-4E63EB0EEFFE}.Release|Any CPU.Build.0 = Release|Any CPU
		{F4CF6AA0-6F8F-4623-BCE8-4E63EB0EEFFE}.Release|Any CPU.Deploy.0 = Release|Any CPU
	EndGlobalSection
	GlobalSection(SolutionProperties) = preSolution
		HideSolutionNode = FALSE
	EndGlobalSection
	GlobalSection(NestedProjects) = preSolution
		{F7A10221-338B-49DD-8ECE-248515C50137} = {1650BDF3-4946-4188-B319-3A3BE46AE860}
		{67A965C6-D989-494F-B85F-6D6FADA99799} = {1650BDF3-4946-4188-B319-3A3BE46AE860}
		{DBCDE5BF-9A90-43CA-A1C5-711C3C2ABD7E} = {1650BDF3-4946-4188-B319-3A3BE46AE860}
		{89DBEBD6-8359-4B53-9412-58C39BE73B00} = {1650BDF3-4946-4188-B319-3A3BE46AE860}
		{BB909881-19B7-47B6-9558-5656E37C146C} = {D079B545-D4D1-4606-B315-891C4FBB49A6}
		{F4CF6AA0-6F8F-4623-BCE8-4E63EB0EEFFE} = {1650BDF3-4946-4188-B319-3A3BE46AE860}
	EndGlobalSection
	GlobalSection(ExtensibilityGlobals) = postSolution
		SolutionGuid = {756D4FFB-6592-4971-9153-90AC091C2095}
	EndGlobalSection
EndGlobal
